
Microsoft Visual Studio Solution File, Format Version 12.00
# Visual Studio 2013
VisualStudioVersion = 12.0.31101.0
MinimumVisualStudioVersion = 10.0.40219.1
Project("{FAE04EC0-301F-11D3-BF4B-00C04F79EFBC}") = "OntPicker", "OntPicker\OntPicker.csproj", "{21025F3B-7F60-42A9-83F5-C0EFC7726B3C}"
EndProject
Project("{FAE04EC0-301F-11D3-BF4B-00C04F79EFBC}") = "OntPickerConsole", "OntPickerConsole\OntPickerConsole.csproj", "{10DA6B2A-B71C-4EB2-BA28-FC6271AC6F58}"
EndProject
Global
	GlobalSection(SolutionConfigurationPlatforms) = preSolution
		Debug|Any CPU = Debug|Any CPU
		Release|Any CPU = Release|Any CPU
	EndGlobalSection
	GlobalSection(ProjectConfigurationPlatforms) = postSolution
		{21025F3B-7F60-42A9-83F5-C0EFC7726B3C}.Debug|Any CPU.ActiveCfg = Debug|Any CPU
		{21025F3B-7F60-42A9-83F5-C0EFC7726B3C}.Debug|Any CPU.Build.0 = Debug|Any CPU
		{21025F3B-7F60-42A9-83F5-C0EFC7726B3C}.Release|Any CPU.ActiveCfg = Release|Any CPU
		{21025F3B-7F60-42A9-83F5-C0EFC7726B3C}.Release|Any CPU.Build.0 = Release|Any CPU
		{10DA6B2A-B71C-4EB2-BA28-FC6271AC6F58}.Debug|Any CPU.ActiveCfg = Debug|Any CPU
		{10DA6B2A-B71C-4EB2-BA28-FC6271AC6F58}.Debug|Any CPU.Build.0 = Debug|Any CPU
		{10DA6B2A-B71C-4EB2-BA28-FC6271AC6F58}.Release|Any CPU.ActiveCfg = Release|Any CPU
		{10DA6B2A-B71C-4EB2-BA28-FC6271AC6F58}.Release|Any CPU.Build.0 = Release|Any CPU
	EndGlobalSection
	GlobalSection(SolutionProperties) = preSolution
		HideSolutionNode = FALSE
	EndGlobalSection
EndGlobal
